{
    "_meta": {
        "hash": {
            "sha256": "12e614c9aa77fbf38c86e1a81cea1a14d4a8b2578dd7c3665aae87aadf72d6cc"
        },
        "pipfile-spec": 6,
        "requires": {
            "python_version": "3.5"
        },
        "sources": [
            {
                "name": "pypi",
                "url": "https://pypi.python.org/simple",
                "verify_ssl": true
            }
        ]
    },
    "default": {
        "argh": {
            "hashes": [
                "sha256:a9b3aaa1904eeb78e32394cd46c6f37ac0fb4af6dc488daa58971bdc7d7fcaf3",
                "sha256:e9535b8c84dc9571a48999094fda7f33e63c3f1b74f3e5f3ac0105a58405bb65"
            ],
            "version": "==0.26.2"
        },
        "attrs": {
            "hashes": [
                "sha256:08a96c641c3a74e44eb59afb61a24f2cb9f4d7188748e76ba4bb5edfa3cb7d1c",
                "sha256:f7b7ce16570fe9965acd6d30101a28f62fb4a7f9e926b3bbc9b61f8b04247e72"
            ],
            "version": "==19.3.0"
        },
        "autobahn": {
            "hashes": [
                "sha256:4d8ec6c1f2c6e8af20dd1858b2c064a329ff89847d4ff5ccbb64cffe9b1d1150",
                "sha256:7b61c7d1b6fc88039776692b779b9c1d8d1ea8727a3aba38ec913ebca8aba164"
            ],
            "index": "pypi",
            "version": "==18.4.1"
        },
        "automat": {
            "hashes": [
                "sha256:269a09dfb063a3b078983f4976d83f0a0d3e6e7aaf8e27d8df1095e09dc4a484",
                "sha256:81c93c55d2742c55e74e6497a48e048a859fa01d7aa0b91a032be432229837e2"
            ],
            "version": "==0.8.0"
        },
        "bitstring": {
            "hashes": [
                "sha256:7b60b0c300d0d3d0a24ec84abfda4b0eaed3dc56dc90f6cbfe497166c9ad8443",
                "sha256:c97a8e2a136e99b523b27da420736ae5cb68f83519d633794a6a11192f69f8bf",
                "sha256:e392819965e7e0246e3cf6a51d5a54e731890ae03ebbfa3cd0e4f74909072096"
            ],
            "version": "==3.1.6"
        },
        "cbor": {
            "hashes": [
                "sha256:13225a262ddf5615cbd9fd55a76a0d53069d18b07d2e9f19c39e6acb8609bbb6"
            ],
            "version": "==1.0.0"
        },
        "certifi": {
            "hashes": [
                "sha256:e4f3620cfea4f83eedc95b24abd9cd56f3c4b146dd0177e83a21b4eb49e21e50",
                "sha256:fd7c7c74727ddcf00e9acd26bba8da604ffec95bf1c2144e67aff7a8b50e6cef"
            ],
            "version": "==2019.9.11"
        },
        "cffi": {
            "hashes": [
                "sha256:00d890313797d9fe4420506613384b43099ad7d2b905c0752dbcc3a6f14d80fa",
                "sha256:0cf9e550ac6c5e57b713437e2f4ac2d7fd0cd10336525a27224f5fc1ec2ee59a",
                "sha256:0ea23c9c0cdd6778146a50d867d6405693ac3b80a68829966c98dd5e1bbae400",
                "sha256:193697c2918ecdb3865acf6557cddf5076bb39f1f654975e087b67efdff83365",
                "sha256:1ae14b542bf3b35e5229439c35653d2ef7d8316c1fffb980f9b7647e544baa98",
                "sha256:1e389e069450609c6ffa37f21f40cce36f9be7643bbe5051ab1de99d5a779526",
                "sha256:263242b6ace7f9cd4ea401428d2d45066b49a700852334fd55311bde36dcda14",
                "sha256:33142ae9807665fa6511cfa9857132b2c3ee6ddffb012b3f0933fc11e1e830d5",
                "sha256:364f8404034ae1b232335d8c7f7b57deac566f148f7222cef78cf8ae28ef764e",
                "sha256:47368f69fe6529f8f49a5d146ddee713fc9057e31d61e8b6dc86a6a5e38cecc1",
                "sha256:4895640844f17bec32943995dc8c96989226974dfeb9dd121cc45d36e0d0c434",
                "sha256:558b3afef987cf4b17abd849e7bedf64ee12b28175d564d05b628a0f9355599b",
                "sha256:5ba86e1d80d458b338bda676fd9f9d68cb4e7a03819632969cf6d46b01a26730",
                "sha256:63424daa6955e6b4c70dc2755897f5be1d719eabe71b2625948b222775ed5c43",
                "sha256:6381a7d8b1ebd0bc27c3bc85bc1bfadbb6e6f756b4d4db0aa1425c3719ba26b4",
                "sha256:6381ab708158c4e1639da1f2a7679a9bbe3e5a776fc6d1fd808076f0e3145331",
                "sha256:6fd58366747debfa5e6163ada468a90788411f10c92597d3b0a912d07e580c36",
                "sha256:728ec653964655d65408949b07f9b2219df78badd601d6c49e28d604efe40599",
                "sha256:7cfcfda59ef1f95b9f729c56fe8a4041899f96b72685d36ef16a3440a0f85da8",
                "sha256:819f8d5197c2684524637f940445c06e003c4a541f9983fd30d6deaa2a5487d8",
                "sha256:825ecffd9574557590e3225560a8a9d751f6ffe4a49e3c40918c9969b93395fa",
                "sha256:9009e917d8f5ef780c2626e29b6bc126f4cb2a4d43ca67aa2b40f2a5d6385e78",
                "sha256:9c77564a51d4d914ed5af096cd9843d90c45b784b511723bd46a8a9d09cf16fc",
                "sha256:a19089fa74ed19c4fe96502a291cfdb89223a9705b1d73b3005df4256976142e",
                "sha256:a40ed527bffa2b7ebe07acc5a3f782da072e262ca994b4f2085100b5a444bbb2",
                "sha256:bb75ba21d5716abc41af16eac1145ab2e471deedde1f22c6f99bd9f995504df0",
                "sha256:e22a00c0c81ffcecaf07c2bfb3672fa372c50e2bd1024ffee0da191c1b27fc71",
                "sha256:e55b5a746fb77f10c83e8af081979351722f6ea48facea79d470b3731c7b2891",
                "sha256:ec2fa3ee81707a5232bf2dfbd6623fdb278e070d596effc7e2d788f2ada71a05",
                "sha256:fd82eb4694be712fcae03c717ca2e0fc720657ac226b80bbb597e971fc6928c2"
            ],
            "version": "==1.13.1"
        },
        "chardet": {
            "hashes": [
                "sha256:84ab92ed1c4d4f16916e05906b6b75a6c0fb5db821cc65e70cbd64a3e2a5eaae",
                "sha256:fc323ffcaeaed0e0a02bf4d117757b98aed530d9ed4531e3e15460124c106691"
            ],
            "version": "==3.0.4"
        },
        "click": {
            "hashes": [
                "sha256:2335065e6395b9e67ca716de5f7526736bfa6ceead690adf616d925bdc622b13",
                "sha256:5b94b49521f6456670fdb30cd82a4eca9412788a93fa6dd6df72c94d5a8ff2d7"
            ],
            "version": "==7.0"
        },
        "constantly": {
            "hashes": [
                "sha256:586372eb92059873e29eba4f9dec8381541b4d3834660707faf8ba59146dfc35",
                "sha256:dd2fa9d6b1a51a83f0d7dd76293d734046aa176e384bf6e33b7e44880eb37c5d"
            ],
            "version": "==15.1.0"
        },
        "crossbar": {
            "hashes": [
                "sha256:56843c17f043ac44a374bd93f854d8e62930d328aca54acd90fcbaface063cd3",
                "sha256:b1712d359a952b6438e76f0ffe50c73aa4f251d2b34e396ec1229eb0299809c4"
            ],
            "index": "pypi",
            "version": "==18.4.1"
        },
        "cryptography": {
            "hashes": [
                "sha256:02079a6addc7b5140ba0825f542c0869ff4df9a69c360e339ecead5baefa843c",
                "sha256:1df22371fbf2004c6f64e927668734070a8953362cd8370ddd336774d6743595",
                "sha256:369d2346db5934345787451504853ad9d342d7f721ae82d098083e1f49a582ad",
                "sha256:3cda1f0ed8747339bbdf71b9f38ca74c7b592f24f65cdb3ab3765e4b02871651",
                "sha256:44ff04138935882fef7c686878e1c8fd80a723161ad6a98da31e14b7553170c2",
                "sha256:4b1030728872c59687badcca1e225a9103440e467c17d6d1730ab3d2d64bfeff",
                "sha256:58363dbd966afb4f89b3b11dfb8ff200058fbc3b947507675c19ceb46104b48d",
                "sha256:6ec280fb24d27e3d97aa731e16207d58bd8ae94ef6eab97249a2afe4ba643d42",
                "sha256:7270a6c29199adc1297776937a05b59720e8a782531f1f122f2eb8467f9aab4d",
                "sha256:73fd30c57fa2d0a1d7a49c561c40c2f79c7d6c374cc7750e9ac7c99176f6428e",
                "sha256:7f09806ed4fbea8f51585231ba742b58cbcfbfe823ea197d8c89a5e433c7e912",
                "sha256:90df0cc93e1f8d2fba8365fb59a858f51a11a394d64dbf3ef844f783844cc793",
                "sha256:971221ed40f058f5662a604bd1ae6e4521d84e6cad0b7b170564cc34169c8f13",
                "sha256:a518c153a2b5ed6b8cc03f7ae79d5ffad7315ad4569b2d5333a13c38d64bd8d7",
                "sha256:b0de590a8b0979649ebeef8bb9f54394d3a41f66c5584fff4220901739b6b2f0",
                "sha256:b43f53f29816ba1db8525f006fa6f49292e9b029554b3eb56a189a70f2a40879",
                "sha256:d31402aad60ed889c7e57934a03477b572a03af7794fa8fb1780f21ea8f6551f",
                "sha256:de96157ec73458a7f14e3d26f17f8128c959084931e8997b9e655a39c8fde9f9",
                "sha256:df6b4dca2e11865e6cfbfb708e800efb18370f5a46fd601d3755bc7f85b3a8a2",
                "sha256:ecadccc7ba52193963c0475ac9f6fa28ac01e01349a2ca48509667ef41ffd2cf",
                "sha256:fb81c17e0ebe3358486cd8cc3ad78adbae58af12fc2bf2bc0bb84e8090fa5ce8"
            ],
            "version": "==2.8"
        },
        "enum34": {
            "hashes": [
                "sha256:2d81cbbe0e73112bdfe6ef8576f2238f2ba27dd0d55752a776c41d38b7da2850",
                "sha256:644837f692e5f550741432dd3f223bbb9852018674981b1664e5dc339387588a",
                "sha256:6bd0f6ad48ec2aa117d3d141940d484deccda84d4fcd884f5c3d93c23ecd8c79",
                "sha256:8ad8c4783bf61ded74527bffb48ed9b54166685e4230386a9ed9b1279e2df5b1"
            ],
            "version": "==1.1.6"
        },
        "h2": {
            "hashes": [
                "sha256:ac377fcf586314ef3177bfd90c12c7826ab0840edeb03f0f24f511858326049e",
                "sha256:b8a32bd282594424c0ac55845377eea13fa54fe4a8db012f3a198ed923dc3ab4"
            ],
            "version": "==3.1.1"
        },
        "hpack": {
            "hashes": [
                "sha256:0edd79eda27a53ba5be2dfabf3b15780928a0dff6eb0c60a3d6767720e970c89",
                "sha256:8eec9c1f4bfae3408a3f30500261f7e6a65912dc138526ea054f9ad98892e9d2"
            ],
            "version": "==3.0.0"
        },
        "hyperframe": {
            "hashes": [
                "sha256:5187962cb16dcc078f23cb5a4b110098d546c3f41ff2d4038a9896893bbd0b40",
                "sha256:a9f5c17f2cc3c719b917c4f33ed1c61bd1f8dfac4b1bd23b7c80b3400971b41f"
            ],
            "version": "==5.2.0"
        },
        "hyperlink": {
            "hashes": [
                "sha256:4288e34705da077fada1111a24a0aa08bb1e76699c9ce49876af722441845654",
                "sha256:ab4a308feb039b04f855a020a6eda3b18ca5a68e6d8f8c899cbe9e653721d04f"
            ],
            "version": "==19.0.0"
        },
        "idna": {
            "hashes": [
                "sha256:3cb5ce08046c4e3a560fc02f138d0ac63e00f8ce5901a56b32ec8b7994082aab",
                "sha256:cc19709fd6d0cbfed39ea875d29ba6d4e22c0cebc510a76d6302a28385e8bb70"
            ],
            "version": "==2.5"
        },
        "incremental": {
            "hashes": [
                "sha256:717e12246dddf231a349175f48d74d93e2897244939173b01974ab6661406b9f",
                "sha256:7b751696aaf36eebfab537e458929e194460051ccad279c72b755a167eebd4b3"
            ],
            "version": "==17.5.0"
        },
        "ipaddress": {
            "hashes": [
                "sha256:6e0f4a39e66cb5bb9a137b00276a2eff74f93b71dcbdad6f10ff7df9d3557fcc",
                "sha256:b7f8e0369580bb4a24d5ba1d7cc29660a4a6987763faf1d8a8046830e020e7e2"
            ],
            "version": "==1.0.23"
        },
        "jinja2": {
            "hashes": [
                "sha256:74320bb91f31270f9551d46522e33af46a80c3d619f4a4bf42b3164d30b5911f",
                "sha256:9fe95f19286cfefaa917656583d020be14e7859c6b0252588391e47db34527de"
            ],
            "version": "==2.10.3"
        },
        "lmdb": {
            "hashes": [
                "sha256:173d71ade5fd402c7e9ecb0a1d6022c92a7f89c313132ef4e5e561d349b0834b",
                "sha256:44b299ff46ead8c5d905b90e2c2a745bc518f3436328e2595578ff60fa4fa9fe",
                "sha256:4ce2ea158282a3501400ceb60fb4a08935bd8cc74cfcd0c3bd87d6a815d16578",
                "sha256:85158ad9b09d824877f79d1bceb3fa09f92698c0916243f2b0444851d46e479e",
                "sha256:8ed2f8d705f040ffe54f8740a0aac3fd5c62c3b533879de7304ef8647ed9aac0",
                "sha256:c53fff334ceff942bb57da1e0d03592e55c40151f487e56f5eb6b76986c9f4cf",
                "sha256:ca72d92bf42fa8b18cb611bf0cff9d705b1883385c6208468516086252690df5",
                "sha256:d83fcc2a5d88f91e84c802e6f026e74c01989dbc1a71f415752ea49c515d8ef6",
                "sha256:fde3fee9391a526bd9b19a35659a8bd4780b252084d7e01531bb433a3b03cac0",
                "sha256:ff43bd36d42d042bb2122d941ef8af5346a0a9c12b2fcef5bec1f9879d3bcb8a"
            ],
            "version": "==0.97"
        },
        "markupsafe": {
            "hashes": [
                "sha256:00bc623926325b26bb9605ae9eae8a215691f33cae5df11ca5424f06f2d1f473",
                "sha256:09027a7803a62ca78792ad89403b1b7a73a01c8cb65909cd876f7fcebd79b161",
                "sha256:09c4b7f37d6c648cb13f9230d847adf22f8171b1ccc4d5682398e77f40309235",
                "sha256:1027c282dad077d0bae18be6794e6b6b8c91d58ed8a8d89a89d59693b9131db5",
                "sha256:24982cc2533820871eba85ba648cd53d8623687ff11cbb805be4ff7b4c971aff",
                "sha256:29872e92839765e546828bb7754a68c418d927cd064fd4708fab9fe9c8bb116b",
                "sha256:43a55c2930bbc139570ac2452adf3d70cdbb3cfe5912c71cdce1c2c6bbd9c5d1",
                "sha256:46c99d2de99945ec5cb54f23c8cd5689f6d7177305ebff350a58ce5f8de1669e",
                "sha256:500d4957e52ddc3351cabf489e79c91c17f6e0899158447047588650b5e69183",
                "sha256:535f6fc4d397c1563d08b88e485c3496cf5784e927af890fb3c3aac7f933ec66",
                "sha256:62fe6c95e3ec8a7fad637b7f3d372c15ec1caa01ab47926cfdf7a75b40e0eac1",
                "sha256:6dd73240d2af64df90aa7c4e7481e23825ea70af4b4922f8ede5b9e35f78a3b1",
                "sha256:717ba8fe3ae9cc0006d7c451f0bb265ee07739daf76355d06366154ee68d221e",
                "sha256:79855e1c5b8da654cf486b830bd42c06e8780cea587384cf6545b7d9ac013a0b",
                "sha256:7c1699dfe0cf8ff607dbdcc1e9b9af1755371f92a68f706051cc8c37d447c905",
                "sha256:88e5fcfb52ee7b911e8bb6d6aa2fd21fbecc674eadd44118a9cc3863f938e735",
                "sha256:8defac2f2ccd6805ebf65f5eeb132adcf2ab57aa11fdf4c0dd5169a004710e7d",
                "sha256:98c7086708b163d425c67c7a91bad6e466bb99d797aa64f965e9d25c12111a5e",
                "sha256:9add70b36c5666a2ed02b43b335fe19002ee5235efd4b8a89bfcf9005bebac0d",
                "sha256:9bf40443012702a1d2070043cb6291650a0841ece432556f784f004937f0f32c",
                "sha256:ade5e387d2ad0d7ebf59146cc00c8044acbd863725f887353a10df825fc8ae21",
                "sha256:b00c1de48212e4cc9603895652c5c410df699856a2853135b3967591e4beebc2",
                "sha256:b1282f8c00509d99fef04d8ba936b156d419be841854fe901d8ae224c59f0be5",
                "sha256:b2051432115498d3562c084a49bba65d97cf251f5a331c64a12ee7e04dacc51b",
                "sha256:ba59edeaa2fc6114428f1637ffff42da1e311e29382d81b339c1817d37ec93c6",
                "sha256:c8716a48d94b06bb3b2524c2b77e055fb313aeb4ea620c8dd03a105574ba704f",
                "sha256:cd5df75523866410809ca100dc9681e301e3c27567cf498077e8551b6d20e42f",
                "sha256:e249096428b3ae81b08327a63a485ad0878de3fb939049038579ac0ef61e17e7"
            ],
            "version": "==1.1.1"
        },
        "mistune": {
            "hashes": [
                "sha256:59a3429db53c50b5c6bcc8a07f8848cb00d7dc8bdb431a4ab41920d201d4756e",
                "sha256:88a1051873018da288eee8538d476dffe1262495144b33ecb586c4ab266bb8d4"
            ],
            "version": "==0.8.4"
        },
        "netaddr": {
            "hashes": [
                "sha256:38aeec7cdd035081d3a4c306394b19d677623bf76fa0913f6695127c7753aefd",
                "sha256:56b3558bd71f3f6999e4c52e349f38660e54a7a8a9943335f73dfc96883e08ca"
            ],
            "version": "==0.7.19"
        },
        "passlib": {
            "hashes": [
                "sha256:3d948f64138c25633613f303bcc471126eae67c04d5e3f6b7b8ce6242f8653e0",
                "sha256:43526aea08fa32c6b6dbbbe9963c4c767285b78147b7437597f992812f69d280"
            ],
            "version": "==1.7.1"
        },
        "pathtools": {
            "hashes": [
                "sha256:7c35c5421a39bb82e58018febd90e3b6e5db34c5443aaaf742b3f33d4655f1c0"
            ],
            "version": "==0.1.2"
        },
        "priority": {
            "hashes": [
                "sha256:6bc1961a6d7fcacbfc337769f1a382c8e746566aaa365e78047abe9f66b2ffbe",
                "sha256:be4fcb94b5e37cdeb40af5533afe6dd603bd665fe9c8b3052610fc1001d5d1eb"
            ],
            "version": "==1.3.0"
        },
        "psutil": {
            "hashes": [
                "sha256:028a1ec3c6197eadd11e7b46e8cc2f0720dc18ac6d7aabdb8e8c0d6c9704f000",
                "sha256:503e4b20fa9d3342bcf58191bbc20a4a5ef79ca7df8972e6197cc14c5513e73d",
                "sha256:863a85c1c0a5103a12c05a35e59d336e1d665747e531256e061213e2e90f63f3",
                "sha256:954f782608bfef9ae9f78e660e065bd8ffcfaea780f9f2c8a133bb7cb9e826d7",
                "sha256:b6e08f965a305cd84c2d07409bc16fbef4417d67b70c53b299116c5b895e3f45",
                "sha256:bc96d437dfbb8865fc8828cf363450001cb04056bbdcdd6fc152c436c8a74c61",
                "sha256:cf49178021075d47c61c03c0229ac0c60d5e2830f8cab19e2d88e579b18cdb76",
                "sha256:d5350cb66690915d60f8b233180f1e49938756fb2d501c93c44f8fb5b970cc63",
                "sha256:eba238cf1989dfff7d483c029acb0ac4fcbfc15de295d682901f0e2497e6781a"
            ],
            "version": "==5.6.3"
        },
        "psycopg2": {
            "hashes": [
                "sha256:027ae518d0e3b8fff41990e598bc7774c3d08a3a20e9ecc0b59fb2aaaf152f7f",
                "sha256:092a80da1b052a181b6e6c765849c9b32d46c5dac3b81bf8c9b83e697f3cdbe8",
                "sha256:0b9851e798bae024ed1a2a6377a8dab4b8a128a56ed406f572f9f06194e4b275",
                "sha256:179c52eb870110a8c1b460c86d4f696d58510ea025602cd3f81453746fccb94f",
                "sha256:19983b77ec1fc2a210092aa0333ee48811fd9fb5f194c6cd5b927ed409aea5f8",
                "sha256:1d90379d01d0dc50ae9b40c863933d87ff82d51dd7d52cea5d1cb7019afd72cd",
                "sha256:27467fd5af1dcc0a82d72927113b8f92da8f44b2efbdb8906bd76face95b596d",
                "sha256:32702e3bd8bfe12b36226ba9846ed9e22336fc4bd710039d594b36bd432ae255",
                "sha256:33f9e1032095e1436fa9ec424abcbd4c170da934fb70e391c5d78275d0307c75",
                "sha256:36030ca7f4b4519ee4f52a74edc4ec73c75abfb6ea1d80ac7480953d1c0aa3c3",
                "sha256:363fbbf4189722fc46779be1fad2597e2c40b3f577dc618f353a46391cf5d235",
                "sha256:6f302c486132f8dd11f143e919e236ea4467d53bf18c451cac577e6988ecbd05",
                "sha256:733166464598c239323142c071fa4c9b91c14359176e5ae7e202db6bcc1d2eb5",
                "sha256:7cbc3b21ce2f681ca9ad2d8c0901090b23a30c955e980ebf1006d41f37068a95",
                "sha256:888bba7841116e529f407f15c6d28fe3ef0760df8c45257442ec2f14f161c871",
                "sha256:8966829cb0d21a08a3c5ac971a2eb67c3927ae27c247300a8476554cc0ce2ae8",
                "sha256:8bf51191d60f6987482ef0cfe8511bbf4877a5aa7f313d7b488b53189cf26209",
                "sha256:8eb94c0625c529215b53c08fb4e461546e2f3fc96a49c13d5474b5ad7aeab6cf",
                "sha256:8ebba5314c609a05c6955e5773c7e0e57b8dd817e4f751f30de729be58fa5e78",
                "sha256:932a4c101af007cb3132b1f8a9ffef23386acc53dad46536dc5ba43a3235ae02",
                "sha256:ad75fe10bea19ad2188c5cb5fc4cdf53ee808d9b44578c94a3cd1e9fc2beb656",
                "sha256:aeaba399254ca79c299d9fe6aa811d3c3eac61458dee10270de7f4e71c624998",
                "sha256:b178e0923c93393e16646155794521e063ec17b7cc9f943f15b7d4b39776ea2c",
                "sha256:b68e89bb086a9476fa85298caab43f92d0a6af135a5f433d1f6b6d82cafa7b55",
                "sha256:d74cf9234ba76426add5e123449be08993a9b13ff434c6efa3a07caa305a619f",
                "sha256:f3d3a88128f0c219bdc5b2d9ccd496517199660cea021c560a3252116df91cbd",
                "sha256:fe6a7f87356116f5ea840c65b032af17deef0e1a5c34013a2962dd6f99b860dd"
            ],
            "index": "pypi",
            "version": "==2.7.4"
        },
        "py-ubjson": {
            "hashes": [
                "sha256:f742c87bccc8653329d3f79b8b3f40d44d11d17cce7f6d7025a73c52ebf91c66"
            ],
            "version": "==0.14.0"
        },
        "pyasn1": {
            "hashes": [
                "sha256:62cdade8b5530f0b185e09855dd422bc05c0bbff6b72ff61381c09dac7befd8c",
                "sha256:a9495356ca1d66ed197a0f72b41eb1823cf7ea8b5bd07191673e8147aecf8604"
            ],
            "version": "==0.4.7"
        },
        "pyasn1-modules": {
            "hashes": [
                "sha256:0c35a52e00b672f832e5846826f1fb7507907f7d52fba6faa9e3c4cbe874fe4b",
                "sha256:b6ada4f840fe51abf5a6bd545b45bf537bea62221fa0dde2e8a553ed9f06a4e3"
            ],
            "version": "==0.2.7"
        },
        "pycparser": {
            "hashes": [
                "sha256:a988718abfad80b6b157acce7bf130a30876d27603738ac39f140993246b25b3"
            ],
            "version": "==2.19"
        },
        "pygments": {
            "hashes": [
                "sha256:71e430bc85c88a430f000ac1d9b331d2407f681d6f6aec95e8bcfbc3df5b0127",
                "sha256:881c4c157e45f30af185c1ffe8d549d48ac9127433f2c380c24b84572ad66297"
            ],
            "version": "==2.4.2"
        },
        "pyhamcrest": {
            "hashes": [
                "sha256:6b672c02fdf7470df9674ab82263841ce8333fb143f32f021f6cb26f0e512420",
                "sha256:8ffaa0a53da57e89de14ced7185ac746227a8894dbd5a3c718bf05ddbd1d56cd"
            ],
            "version": "==1.9.0"
        },
        "pynacl": {
            "hashes": [
                "sha256:05c26f93964373fc0abe332676cb6735f0ecad27711035b9472751faa8521255",
                "sha256:0c6100edd16fefd1557da078c7a31e7b7d7a52ce39fdca2bec29d4f7b6e7600c",
                "sha256:0d0a8171a68edf51add1e73d2159c4bc19fc0718e79dec51166e940856c2f28e",
                "sha256:1c780712b206317a746ace34c209b8c29dbfd841dfbc02aa27f2084dd3db77ae",
                "sha256:2424c8b9f41aa65bbdbd7a64e73a7450ebb4aa9ddedc6a081e7afcc4c97f7621",
                "sha256:2d23c04e8d709444220557ae48ed01f3f1086439f12dbf11976e849a4926db56",
                "sha256:30f36a9c70450c7878053fa1344aca0145fd47d845270b43a7ee9192a051bf39",
                "sha256:37aa336a317209f1bb099ad177fef0da45be36a2aa664507c5d72015f956c310",
                "sha256:4943decfc5b905748f0756fdd99d4f9498d7064815c4cf3643820c9028b711d1",
                "sha256:53126cd91356342dcae7e209f840212a58dcf1177ad52c1d938d428eebc9fee5",
                "sha256:57ef38a65056e7800859e5ba9e6091053cd06e1038983016effaffe0efcd594a",
                "sha256:5bd61e9b44c543016ce1f6aef48606280e45f892a928ca7068fba30021e9b786",
                "sha256:6482d3017a0c0327a49dddc8bd1074cc730d45db2ccb09c3bac1f8f32d1eb61b",
                "sha256:7d3ce02c0784b7cbcc771a2da6ea51f87e8716004512493a2b69016326301c3b",
                "sha256:a14e499c0f5955dcc3991f785f3f8e2130ed504fa3a7f44009ff458ad6bdd17f",
                "sha256:a39f54ccbcd2757d1d63b0ec00a00980c0b382c62865b61a505163943624ab20",
                "sha256:aabb0c5232910a20eec8563503c153a8e78bbf5459490c49ab31f6adf3f3a415",
                "sha256:bd4ecb473a96ad0f90c20acba4f0bf0df91a4e03a1f4dd6a4bdc9ca75aa3a715",
                "sha256:bf459128feb543cfca16a95f8da31e2e65e4c5257d2f3dfa8c0c1031139c9c92",
                "sha256:e2da3c13307eac601f3de04887624939aca8ee3c9488a0bb0eca4fb9401fc6b1",
                "sha256:f67814c38162f4deb31f68d590771a29d5ae3b1bd64b75cf232308e5c74777e0"
            ],
            "version": "==1.3.0"
        },
        "pyopenssl": {
            "hashes": [
                "sha256:aeca66338f6de19d1aa46ed634c3b9ae519a64b458f8468aec688e7e3c20f200",
                "sha256:c727930ad54b10fc157015014b666f2d8b41f70c0d03e83ab67624fd3dd5d1e6"
            ],
            "version": "==19.0.0"
        },
        "pyqrcode": {
            "hashes": [
                "sha256:1b2812775fa6ff5c527977c4cd2ccb07051ca7d0bc0aecf937a43864abe5eff6",
                "sha256:fdbf7634733e56b72e27f9bce46e4550b75a3a2c420414035cae9d9d26b234d5"
            ],
            "version": "==1.2.1"
        },
        "pytrie": {
            "hashes": [
                "sha256:3bb7d122a549d8006c9cba2feecac20bceda9f8c0e2a3fa99a5584cfe0dec523"
            ],
            "version": "==0.3.1"
        },
        "pyyaml": {
            "hashes": [
                "sha256:0113bc0ec2ad727182326b61326afa3d1d8280ae1122493553fd6f4397f33df9",
                "sha256:01adf0b6c6f61bd11af6e10ca52b7d4057dd0be0343eb9283c878cf3af56aee4",
                "sha256:5124373960b0b3f4aa7df1707e63e9f109b5263eca5976c66e08b1c552d4eaf8",
                "sha256:5ca4f10adbddae56d824b2c09668e91219bb178a1eee1faa56af6f99f11bf696",
                "sha256:7907be34ffa3c5a32b60b95f4d95ea25361c951383a894fec31be7252b2b6f34",
                "sha256:7ec9b2a4ed5cad025c2278a1e6a19c011c80a3caaac804fd2d329e9cc2c287c9",
                "sha256:87ae4c829bb25b9fe99cf71fbb2140c448f534e24c998cc60f39ae4f94396a73",
                "sha256:9de9919becc9cc2ff03637872a440195ac4241c80536632fffeb6a1e25a74299",
                "sha256:a5a85b10e450c66b49f98846937e8cfca1db3127a9d5d1e31ca45c3d0bef4c5b",
                "sha256:b0997827b4f6a7c286c01c5f60384d218dca4ed7d9efa945c3e1aa623d5709ae",
                "sha256:b631ef96d3222e62861443cc89d6563ba3eeb816eeb96b2629345ab795e53681",
                "sha256:bf47c0607522fdbca6c9e817a6e81b08491de50f3766a7a0e6a5be7905961b41",
                "sha256:f81025eddd0327c7d4cfe9b62cf33190e1e736cc6e97502b3ec425f574b3e7a8"
            ],
            "version": "==5.1.2"
        },
        "requests": {
            "hashes": [
                "sha256:11e007a8a2aa0323f5a921e9e6a2d7e4e67d9877e85773fba9ba6419025cbeb4",
                "sha256:9cf5292fcd0f598c671cfc1e0d7d1a7f13bb8085e9a590f48c010551dc6c4b31"
            ],
            "version": "==2.22.0"
        },
        "sdnotify": {
            "hashes": [
                "sha256:73977fc746b36cc41184dd43c3fe81323e7b8b06c2bb0826c4f59a20c56bb9f1"
            ],
            "version": "==0.3.2"
        },
        "service-identity": {
            "hashes": [
                "sha256:001c0707759cb3de7e49c078a7c0c9cd12594161d3bf06b9c254fdcb1a60dc36",
                "sha256:0858a54aabc5b459d1aafa8a518ed2081a285087f349fe3e55197989232e2e2d"
            ],
            "version": "==18.1.0"
        },
        "setproctitle": {
            "hashes": [
                "sha256:6283b7a58477dd8478fbb9e76defb37968ee4ba47b05ec1c053cb39638bd7398",
                "sha256:6a035eddac62898786aed2c2eee7334c28cfc8106e8eb29fdd117cac56c6cdf0"
            ],
            "version": "==1.1.10"
        },
        "sh": {
            "hashes": [
                "sha256:ae3258c5249493cebe73cb4e18253a41ed69262484bad36fdb3efcb8ad8870bb",
                "sha256:b52bf5833ed01c7b5c5fb73a7f71b3d98d48e9b9b8764236237bdc7ecae850fc"
            ],
            "index": "pypi",
            "version": "==1.12.14"
        },
        "shutilwhich": {
            "hashes": [
                "sha256:db1f39c6461e42f630fa617bb8c79090f7711c9ca493e615e43d0610ecb64dc6"
            ],
            "version": "==1.1.0"
        },
        "six": {
            "hashes": [
                "sha256:3350809f0555b11f552448330d0b52d5f24c91a322ea4a15ef22629740f3761c",
                "sha256:d16a0141ec1a18405cd4ce8b4613101da75da0e9a7aec5bdd4fa804d0e0eba73"
            ],
            "version": "==1.12.0"
        },
        "sortedcontainers": {
            "hashes": [
                "sha256:974e9a32f56b17c1bac2aebd9dcf197f3eb9cd30553c5852a3187ad162e1a03a",
                "sha256:d9e96492dd51fae31e60837736b38fe42a187b5404c16606ff7ee7cd582d4c60"
            ],
            "version": "==2.1.0"
        },
        "treq": {
            "hashes": [
                "sha256:91e09ff6b524cc90aa5e934b909c8d0d1a9d36ebd618b6c38e37b17013e69f48",
                "sha256:b936621beee3af98eca6dd74e0a8f939d8163c50714466a4994d22983a713ec2"
            ],
            "version": "==18.6.0"
        },
        "twisted": {
            "extras": [
                "tls"
            ],
            "hashes": [
                "sha256:02214ef6f125804969aedd55daccea57060b98dae6a2aa0a4cb60c4d0acb8a2c",
                "sha256:15b51047ab116ee61d791cf9fe6f037f35e909a6d344ccb437d1691627c4d8a1",
                "sha256:17704d98d58c9c52d97e88570732e4c094a93fe5df937d01b759bab593345eec",
                "sha256:222e0cfd60b0c867dd303bce6355a3ffac46574079dff11ae7a1775235ad12c8",
                "sha256:23090c9fcec01ce4e102912a39eb4645b2bf916abe459804f87853d977ced6e3",
                "sha256:5102fc2bf0d870c1e217aa09ed7a48b633cc579950a31ecae9cecc556ebffdf2",
                "sha256:6bc71d5a2320576a3ac7f2dac7802c290fcf9f1972c59f9ef5c5b85b8bac1e1e",
                "sha256:6c7703b62de08fd5873d60e6ed30478cdb39e3a37b1ead3a5d2fed10deb6e112",
                "sha256:6ca398abd58730070e9bc34e8a01d1198438b2ff130e95492090a2fec5fb683b",
                "sha256:98840f28c44894f44dc597747b4cddc740197dc6f6f18ba4dd810422094e35cb",
                "sha256:998e3baf509c7cf7973b8174c1050ac10f6a8bc1aaf0178ad6a7c422c75a0c68",
                "sha256:a5f2de00c6630c8f5ad32fca64fc4c853536c21e9ea8d0d2ae54804ef5836b9c",
                "sha256:aad65a24b27253eb94f2749131a872487b093c599c5873c03d90a65cc9b8a2fc",
                "sha256:ab788465701f553f764f4442d22b850f39a6a6abd4861e70c05b4c27119c9b50",
                "sha256:c7244e24fcb72f838be57d3e117ad7df135ff5af4c9d4c565417d671cd1e68c9",
                "sha256:d5db93026568f60cacdc0615fcd21d46f694a6bfad0ef3ff53cde2b4bb85a39d",
                "sha256:da92426002703b02d8fccff3acfea2d8baf76a9052e8c55ea76d0407eeaa06ce",
                "sha256:f4f0af14d288140ecb00861a3bd1e0b94ffdc63057cc1abe8b9dc84f6b6dcf18",
                "sha256:f985f31e3244d18610816b55becf8fbf445c8e30fe0731500cadaf19f296baf0"
            ],
            "index": "pypi",
            "version": "==19.7.0"
        },
        "txaio": {
            "hashes": [
                "sha256:67e360ac73b12c52058219bb5f8b3ed4105d2636707a36a7cdafb56fe06db7fe",
                "sha256:b6b235d432cc58ffe111b43e337db71a5caa5d3eaa88f0eacf60b431c7626ef5"
            ],
            "version": "==18.8.1"
        },
        "txtorcon": {
            "hashes": [
                "sha256:25d8e52c3eac45bb90ff958ca7cdd7674fb3284e3a50826a58ab7b9578b15ea5",
                "sha256:e93aef50f339b537ed969a4d83a704a2870658bb49cdfa95495ba5a740548d32"
            ],
            "version": "==19.1.0"
        },
        "u-msgpack-python": {
            "hashes": [
                "sha256:09c85a8af77376034396681e76bf30c249a4fd8e5ebb239f8a468d3655f210d0",
                "sha256:d9a5634753c433676baa08a1854896b43e94d50c42da9cbd505a0d1dbd367a5a"
            ],
            "version": "==2.5.2"
        },
        "urllib3": {
            "hashes": [
                "sha256:3de946ffbed6e6746608990594d08faac602528ac7015ac28d33cee6a45b7398",
                "sha256:9a107b99a5393caf59c7aa3c1249c16e6879447533d0887f4336dde834c7be86"
            ],
            "version": "==1.25.6"
        },
        "watchdog": {
            "hashes": [
                "sha256:965f658d0732de3188211932aeb0bb457587f04f63ab4c1e33eab878e9de961d"
            ],
            "version": "==0.9.0"
        },
        "zope.interface": {
            "hashes": [
                "sha256:086707e0f413ff8800d9c4bc26e174f7ee4c9c8b0302fbad68d083071822316c",
                "sha256:1157b1ec2a1f5bf45668421e3955c60c610e31913cc695b407a574efdbae1f7b",
                "sha256:11ebddf765bff3bbe8dbce10c86884d87f90ed66ee410a7e6c392086e2c63d02",
                "sha256:14b242d53f6f35c2d07aa2c0e13ccb710392bcd203e1b82a1828d216f6f6b11f",
                "sha256:1b3d0dcabc7c90b470e59e38a9acaa361be43b3a6ea644c0063951964717f0e5",
                "sha256:20a12ab46a7e72b89ce0671e7d7a6c3c1ca2c2766ac98112f78c5bddaa6e4375",
                "sha256:298f82c0ab1b182bd1f34f347ea97dde0fffb9ecf850ecf7f8904b8442a07487",
                "sha256:2f6175722da6f23dbfc76c26c241b67b020e1e83ec7fe93c9e5d3dd18667ada2",
                "sha256:3b877de633a0f6d81b600624ff9137312d8b1d0f517064dfc39999352ab659f0",
                "sha256:4265681e77f5ac5bac0905812b828c9fe1ce80c6f3e3f8574acfb5643aeabc5b",
                "sha256:550695c4e7313555549aa1cdb978dc9413d61307531f123558e438871a883d63",
                "sha256:5f4d42baed3a14c290a078e2696c5f565501abde1b2f3f1a1c0a94fbf6fbcc39",
                "sha256:62dd71dbed8cc6a18379700701d959307823b3b2451bdc018594c48956ace745",
                "sha256:7040547e5b882349c0a2cc9b50674b1745db551f330746af434aad4f09fba2cc",
                "sha256:7e099fde2cce8b29434684f82977db4e24f0efa8b0508179fce1602d103296a2",
                "sha256:7e5c9a5012b2b33e87980cee7d1c82412b2ebabcb5862d53413ba1a2cfde23aa",
                "sha256:81295629128f929e73be4ccfdd943a0906e5fe3cdb0d43ff1e5144d16fbb52b1",
                "sha256:95cc574b0b83b85be9917d37cd2fad0ce5a0d21b024e1a5804d044aabea636fc",
                "sha256:968d5c5702da15c5bf8e4a6e4b67a4d92164e334e9c0b6acf080106678230b98",
                "sha256:9e998ba87df77a85c7bed53240a7257afe51a07ee6bc3445a0bf841886da0b97",
                "sha256:a0c39e2535a7e9c195af956610dba5a1073071d2d85e9d2e5d789463f63e52ab",
                "sha256:a15e75d284178afe529a536b0e8b28b7e107ef39626a7809b4ee64ff3abc9127",
                "sha256:a6a6ff82f5f9b9702478035d8f6fb6903885653bff7ec3a1e011edc9b1a7168d",
                "sha256:b639f72b95389620c1f881d94739c614d385406ab1d6926a9ffe1c8abbea23fe",
                "sha256:bad44274b151d46619a7567010f7cde23a908c6faa84b97598fd2f474a0c6891",
                "sha256:bbcef00d09a30948756c5968863316c949d9cedbc7aabac5e8f0ffbdb632e5f1",
                "sha256:d788a3999014ddf416f2dc454efa4a5dbeda657c6aba031cf363741273804c6b",
                "sha256:eed88ae03e1ef3a75a0e96a55a99d7937ed03e53d0cffc2451c208db445a2966",
                "sha256:f99451f3a579e73b5dd58b1b08d1179791d49084371d9a47baad3b22417f0317"
            ],
            "version": "==4.6.0"
        }
    },
    "develop": {}
}
